
Microsoft Visual Studio Solution File, Format Version 12.00
# Visual Studio Version 17
VisualStudioVersion = 17.1.32414.318
MinimumVisualStudioVersion = 10.0.40219.1
Project("{FAE04EC0-301F-11D3-BF4B-00C04F79EFBC}") = "DataBaseFirst", "DataBaseFirst\DataBaseFirst.csproj", "{096EBC57-1ACA-4247-B686-4C2D714C3CBC}"
EndProject
Global
	GlobalSection(SolutionConfigurationPlatforms) = preSolution
		Debug|Any CPU = Debug|Any CPU
		Release|Any CPU = Release|Any CPU
	EndGlobalSection
	GlobalSection(ProjectConfigurationPlatforms) = postSolution
		{096EBC57-1ACA-4247-B686-4C2D714C3CBC}.Debug|Any CPU.ActiveCfg = Debug|Any CPU
		{096EBC57-1ACA-4247-B686-4C2D714C3CBC}.Debug|Any CPU.Build.0 = Debug|Any CPU
		{096EBC57-1ACA-4247-B686-4C2D714C3CBC}.Release|Any CPU.ActiveCfg = Release|Any CPU
		{096EBC57-1ACA-4247-B686-4C2D714C3CBC}.Release|Any CPU.Build.0 = Release|Any CPU
	EndGlobalSection
	GlobalSection(SolutionProperties) = preSolution
		HideSolutionNode = FALSE
	EndGlobalSection
	GlobalSection(ExtensibilityGlobals) = postSolution
		SolutionGuid = {DD400207-B22C-47AC-ACA4-265E6BF8CE46}
	EndGlobalSection
EndGlobal
